
Microsoft Visual Studio Solution File, Format Version 12.00
# Visual Studio Version 17
Project("{8BC9CEB8-8B4A-11D0-8D11-00A0C91BC942}") = "Home1", "Home1\Home1.vcxproj", "{5F9F540D-CBB3-7CBE-9435-201E000979EF}"
EndProject
Project("{8BC9CEB8-8B4A-11D0-8D11-00A0C91BC942}") = "Home2", "Home2\Home2.vcxproj", "{609F540D-CCB3-7CBE-9535-201E010979EF}"
EndProject
Project("{8BC9CEB8-8B4A-11D0-8D11-00A0C91BC942}") = "Home3", "src\Home3\Home3.vcxproj", "{619F540D-CDB3-7CBE-9635-201E020979EF}"
EndProject
Project("{8BC9CEB8-8B4A-11D0-8D11-00A0C91BC942}") = "Home4", "src\Home4\Home4.vcxproj", "{629F540D-CEB3-7CBE-9735-201E030979EF}"
EndProject
Project("{8BC9CEB8-8B4A-11D0-8D11-00A0C91BC942}") = "Home5", "src\Home5\Home5.vcxproj", "{639F540D-CFB3-7CBE-9835-201E040979EF}"
EndProject
Project("{8BC9CEB8-8B4A-11D0-8D11-00A0C91BC942}") = "Home6", "src\Home6\Home6.vcxproj", "{649F540D-D0B3-7CBE-9935-201E050979EF}"
EndProject
Project("{8BC9CEB8-8B4A-11D0-8D11-00A0C91BC942}") = "Home7", "src\Home7\Home7.vcxproj", "{659F540D-D1B3-7CBE-9A35-201E060979EF}"
EndProject
Global
	GlobalSection(SolutionConfigurationPlatforms) = preSolution
		Debug|x64 = Debug|x64
		Dist|x64 = Dist|x64
		Release|x64 = Release|x64
	EndGlobalSection
	GlobalSection(ProjectConfigurationPlatforms) = postSolution
		{5F9F540D-CBB3-7CBE-9435-201E000979EF}.Debug|x64.ActiveCfg = Debug|x64
		{5F9F540D-CBB3-7CBE-9435-201E000979EF}.Debug|x64.Build.0 = Debug|x64
		{5F9F540D-CBB3-7CBE-9435-201E000979EF}.Dist|x64.ActiveCfg = Dist|x64
		{5F9F540D-CBB3-7CBE-9435-201E000979EF}.Dist|x64.Build.0 = Dist|x64
		{5F9F540D-CBB3-7CBE-9435-201E000979EF}.Release|x64.ActiveCfg = Release|x64
		{5F9F540D-CBB3-7CBE-9435-201E000979EF}.Release|x64.Build.0 = Release|x64
		{609F540D-CCB3-7CBE-9535-201E010979EF}.Debug|x64.ActiveCfg = Debug|x64
		{609F540D-CCB3-7CBE-9535-201E010979EF}.Debug|x64.Build.0 = Debug|x64
		{609F540D-CCB3-7CBE-9535-201E010979EF}.Dist|x64.ActiveCfg = Dist|x64
		{609F540D-CCB3-7CBE-9535-201E010979EF}.Dist|x64.Build.0 = Dist|x64
		{609F540D-CCB3-7CBE-9535-201E010979EF}.Release|x64.ActiveCfg = Release|x64
		{609F540D-CCB3-7CBE-9535-201E010979EF}.Release|x64.Build.0 = Release|x64
		{619F540D-CDB3-7CBE-9635-201E020979EF}.Debug|x64.ActiveCfg = Debug|x64
		{619F540D-CDB3-7CBE-9635-201E020979EF}.Debug|x64.Build.0 = Debug|x64
		{619F540D-CDB3-7CBE-9635-201E020979EF}.Dist|x64.ActiveCfg = Dist|x64
		{619F540D-CDB3-7CBE-9635-201E020979EF}.Dist|x64.Build.0 = Dist|x64
		{619F540D-CDB3-7CBE-9635-201E020979EF}.Release|x64.ActiveCfg = Release|x64
		{619F540D-CDB3-7CBE-9635-201E020979EF}.Release|x64.Build.0 = Release|x64
		{629F540D-CEB3-7CBE-9735-201E030979EF}.Debug|x64.ActiveCfg = Debug|x64
		{629F540D-CEB3-7CBE-9735-201E030979EF}.Debug|x64.Build.0 = Debug|x64
		{629F540D-CEB3-7CBE-9735-201E030979EF}.Dist|x64.ActiveCfg = Dist|x64
		{629F540D-CEB3-7CBE-9735-201E030979EF}.Dist|x64.Build.0 = Dist|x64
		{629F540D-CEB3-7CBE-9735-201E030979EF}.Release|x64.ActiveCfg = Release|x64
		{629F540D-CEB3-7CBE-9735-201E030979EF}.Release|x64.Build.0 = Release|x64
		{639F540D-CFB3-7CBE-9835-201E040979EF}.Debug|x64.ActiveCfg = Debug|x64
		{639F540D-CFB3-7CBE-9835-201E040979EF}.Debug|x64.Build.0 = Debug|x64
		{639F540D-CFB3-7CBE-9835-201E040979EF}.Dist|x64.ActiveCfg = Dist|x64
		{639F540D-CFB3-7CBE-9835-201E040979EF}.Dist|x64.Build.0 = Dist|x64
		{639F540D-CFB3-7CBE-9835-201E040979EF}.Release|x64.ActiveCfg = Release|x64
		{639F540D-CFB3-7CBE-9835-201E040979EF}.Release|x64.Build.0 = Release|x64
		{649F540D-D0B3-7CBE-9935-201E050979EF}.Debug|x64.ActiveCfg = Debug|x64
		{649F540D-D0B3-7CBE-9935-201E050979EF}.Debug|x64.Build.0 = Debug|x64
		{649F540D-D0B3-7CBE-9935-201E050979EF}.Dist|x64.ActiveCfg = Dist|x64
		{649F540D-D0B3-7CBE-9935-201E050979EF}.Dist|x64.Build.0 = Dist|x64
		{649F540D-D0B3-7CBE-9935-201E050979EF}.Release|x64.ActiveCfg = Release|x64
		{649F540D-D0B3-7CBE-9935-201E050979EF}.Release|x64.Build.0 = Release|x64
		{659F540D-D1B3-7CBE-9A35-201E060979EF}.Debug|x64.ActiveCfg = Debug|x64
		{659F540D-D1B3-7CBE-9A35-201E060979EF}.Debug|x64.Build.0 = Debug|x64
		{659F540D-D1B3-7CBE-9A35-201E060979EF}.Dist|x64.ActiveCfg = Dist|x64
		{659F540D-D1B3-7CBE-9A35-201E060979EF}.Dist|x64.Build.0 = Dist|x64
		{659F540D-D1B3-7CBE-9A35-201E060979EF}.Release|x64.ActiveCfg = Release|x64
		{659F540D-D1B3-7CBE-9A35-201E060979EF}.Release|x64.Build.0 = Release|x64
	EndGlobalSection
	GlobalSection(SolutionProperties) = preSolution
		HideSolutionNode = FALSE
	EndGlobalSection
EndGlobal
